
Microsoft Visual Studio Solution File, Format Version 12.00
# Visual Studio Version 16
VisualStudioVersion = 16.0.28606.126
MinimumVisualStudioVersion = 10.0.40219.1
Project("{FAE04EC0-301F-11D3-BF4B-00C04F79EFBC}") = "SimpleMusicCore", "SimpleMusicCore\SimpleMusicCore.csproj", "{8140F9DA-A15D-40FE-85DA-29F162C778B6}"
EndProject
Global
	GlobalSection(SolutionConfigurationPlatforms) = preSolution
		Debug|Any CPU = Debug|Any CPU
		Release|Any CPU = Release|Any CPU
	EndGlobalSection
	GlobalSection(ProjectConfigurationPlatforms) = postSolution
		{8140F9DA-A15D-40FE-85DA-29F162C778B6}.Debug|Any CPU.ActiveCfg = Debug|Any CPU
		{8140F9DA-A15D-40FE-85DA-29F162C778B6}.Debug|Any CPU.Build.0 = Debug|Any CPU
		{8140F9DA-A15D-40FE-85DA-29F162C778B6}.Release|Any CPU.ActiveCfg = Release|Any CPU
		{8140F9DA-A15D-40FE-85DA-29F162C778B6}.Release|Any CPU.Build.0 = Release|Any CPU
	EndGlobalSection
	GlobalSection(SolutionProperties) = preSolution
		HideSolutionNode = FALSE
	EndGlobalSection
	GlobalSection(ExtensibilityGlobals) = postSolution
		SolutionGuid = {5C80BEF7-84CC-4DE4-8B41-2A1D761B3403}
	EndGlobalSection
EndGlobal
